// !$*UTF8*$!
{
	archiveVersion = 1;
	classes = {
	};
	objectVersion = 50;
	objects = {

/* Begin PBXBuildFile section */
		F01F5106267DC45000855891 /* AppDelegate.swift in Sources */ = {isa = PBXBuildFile; fileRef = F01F5105267DC45000855891 /* AppDelegate.swift */; };
		F01F5108267DC45000855891 /* SceneDelegate.swift in Sources */ = {isa = PBXBuildFile; fileRef = F01F5107267DC45000855891 /* SceneDelegate.swift */; };
		F01F510A267DC45000855891 /* ViewController.swift in Sources */ = {isa = PBXBuildFile; fileRef = F01F5109267DC45000855891 /* ViewController.swift */; };
		F01F510D267DC45000855891 /* Main.storyboard in Resources */ = {isa = PBXBuildFile; fileRef = F01F510B267DC45000855891 /* Main.storyboard */; };
		F01F5110267DC45000855891 /* task12.xcdatamodeld in Sources */ = {isa = PBXBuildFile; fileRef = F01F510E267DC45000855891 /* task12.xcdatamodeld */; };
		F01F5112267DC45500855891 /* Assets.xcassets in Resources */ = {isa = PBXBuildFile; fileRef = F01F5111267DC45500855891 /* Assets.xcassets */; };
		F01F5115267DC45500855891 /* LaunchScreen.storyboard in Resources */ = {isa = PBXBuildFile; fileRef = F01F5113267DC45500855891 /* LaunchScreen.storyboard */; };
		F01F511D267DC84E00855891 /* StudentModel.swift in Sources */ = {isa = PBXBuildFile; fileRef = F01F511C267DC84E00855891 /* StudentModel.swift */; };
		F01F511F267DC87700855891 /* StudentSubject.swift in Sources */ = {isa = PBXBuildFile; fileRef = F01F511E267DC87700855891 /* StudentSubject.swift */; };
/* End PBXBuildFile section */

/* Begin PBXFileReference section */
		F01F5102267DC45000855891 /* task12.app */ = {isa = PBXFileReference; explicitFileType = wrapper.application; includeInIndex = 0; path = task12.app; sourceTree = BUILT_PRODUCTS_DIR; };
		F01F5105267DC45000855891 /* AppDelegate.swift */ = {isa = PBXFileReference; lastKnownFileType = sourcecode.swift; path = AppDelegate.swift; sourceTree = "<group>"; };
		F01F5107267DC45000855891 /* SceneDelegate.swift */ = {isa = PBXFileReference; lastKnownFileType = sourcecode.swift; path = SceneDelegate.swift; sourceTree = "<group>"; };
		F01F5109267DC45000855891 /* ViewController.swift */ = {isa = PBXFileReference; lastKnownFileType = sourcecode.swift; path = ViewController.swift; sourceTree = "<group>"; };
		F01F510C267DC45000855891 /* Base */ = {isa = PBXFileReference; lastKnownFileType = file.storyboard; name = Base; path = Base.lproj/Main.storyboard; sourceTree = "<group>"; };
		F01F510F267DC45000855891 /* task12.xcdatamodel */ = {isa = PBXFileReference; lastKnownFileType = wrapper.xcdatamodel; path = task12.xcdatamodel; sourceTree = "<group>"; };
		F01F5111267DC45500855891 /* Assets.xcassets */ = {isa = PBXFileReference; lastKnownFileType = folder.assetcatalog; path = Assets.xcassets; sourceTree = "<group>"; };
		F01F5114267DC45500855891 /* Base */ = {isa = PBXFileReference; lastKnownFileType = file.storyboard; name = Base; path = Base.lproj/LaunchScreen.storyboard; sourceTree = "<group>"; };
		F01F5116267DC45500855891 /* Info.plist */ = {isa = PBXFileReference; lastKnownFileType = text.plist.xml; path = Info.plist; sourceTree = "<group>"; };
		F01F511C267DC84E00855891 /* StudentModel.swift */ = {isa = PBXFileReference; lastKnownFileType = sourcecode.swift; path = StudentModel.swift; sourceTree = "<group>"; };
		F01F511E267DC87700855891 /* StudentSubject.swift */ = {isa = PBXFileReference; lastKnownFileType = sourcecode.swift; path = StudentSubject.swift; sourceTree = "<group>"; };
/* End PBXFileReference section */

/* Begin PBXFrameworksBuildPhase section */
		F01F50FF267DC45000855891 /* Frameworks */ = {
			isa = PBXFrameworksBuildPhase;
			buildActionMask = 2147483647;
			files = (
			);
			runOnlyForDeploymentPostprocessing = 0;
		};
/* End PBXFrameworksBuildPhase section */

/* Begin PBXGroup section */
		F01F50F9267DC45000855891 = {
			isa = PBXGroup;
			children = (
				F01F5104267DC45000855891 /* task12 */,
				F01F5103267DC45000855891 /* Products */,
			);
			sourceTree = "<group>";
		};
		F01F5103267DC45000855891 /* Products */ = {
			isa = PBXGroup;
			children = (
				F01F5102267DC45000855891 /* task12.app */,
			);
			name = Products;
			sourceTree = "<group>";
		};
		F01F5104267DC45000855891 /* task12 */ = {
			isa = PBXGroup;
			children = (
				F01F5105267DC45000855891 /* AppDelegate.swift */,
				F01F5107267DC45000855891 /* SceneDelegate.swift */,
				F01F5109267DC45000855891 /* ViewController.swift */,
				F01F510B267DC45000855891 /* Main.storyboard */,
				F01F5111267DC45500855891 /* Assets.xcassets */,
				F01F5113267DC45500855891 /* LaunchScreen.storyboard */,
				F01F5116267DC45500855891 /* Info.plist */,
				F01F510E267DC45000855891 /* task12.xcdatamodeld */,
				F01F511C267DC84E00855891 /* StudentModel.swift */,
				F01F511E267DC87700855891 /* StudentSubject.swift */,
			);
			path = task12;
			sourceTree = "<group>";
		};
/* End PBXGroup section */

/* Begin PBXNativeTarget section */
		F01F5101267DC45000855891 /* task12 */ = {
			isa = PBXNativeTarget;
			buildConfigurationList = F01F5119267DC45500855891 /* Build configuration list for PBXNativeTarget "task12" */;
			buildPhases = (
				F01F50FE267DC45000855891 /* Sources */,
				F01F50FF267DC45000855891 /* Frameworks */,
				F01F5100267DC45000855891 /* Resources */,
			);
			buildRules = (
			);
			dependencies = (
			);
			name = task12;
			productName = task12;
			productReference = F01F5102267DC45000855891 /* task12.app */;
			productType = "com.apple.product-type.application";
		};
/* End PBXNativeTarget section */

/* Begin PBXProject section */
		F01F50FA267DC45000855891 /* Project object */ = {
			isa = PBXProject;
			attributes = {
				LastSwiftUpdateCheck = 1250;
				LastUpgradeCheck = 1250;
				TargetAttributes = {
					F01F5101267DC45000855891 = {
						CreatedOnToolsVersion = 12.5;
					};
				};
			};
			buildConfigurationList = F01F50FD267DC45000855891 /* Build configuration list for PBXProject "task12" */;
			compatibilityVersion = "Xcode 9.3";
			developmentRegion = en;
			hasScannedForEncodings = 0;
			knownRegions = (
				en,
				Base,
			);
			mainGroup = F01F50F9267DC45000855891;
			productRefGroup = F01F5103267DC45000855891 /* Products */;
			projectDirPath = "";
			projectRoot = "";
			targets = (
				F01F5101267DC45000855891 /* task12 */,
			);
		};
/* End PBXProject section */

/* Begin PBXResourcesBuildPhase section */
		F01F5100267DC45000855891 /* Resources */ = {
			isa = PBXResourcesBuildPhase;
			buildActionMask = 2147483647;
			files = (
				F01F5115267DC45500855891 /* LaunchScreen.storyboard in Resources */,
				F01F5112267DC45500855891 /* Assets.xcassets in Resources */,
				F01F510D267DC45000855891 /* Main.storyboard in Resources */,
			);
			runOnlyForDeploymentPostprocessing = 0;
		};
/* End PBXResourcesBuildPhase section */

/* Begin PBXSourcesBuildPhase section */
		F01F50FE267DC45000855891 /* Sources */ = {
			isa = PBXSourcesBuildPhase;
			buildActionMask = 2147483647;
			files = (
				F01F510A267DC45000855891 /* ViewController.swift in Sources */,
				F01F5110267DC45000855891 /* task12.xcdatamodeld in Sources */,
				F01F5106267DC45000855891 /* AppDelegate.swift in Sources */,
				F01F511D267DC84E00855891 /* StudentModel.swift in Sources */,
				F01F511F267DC87700855891 /* StudentSubject.swift in Sources */,
				F01F5108267DC45000855891 /* SceneDelegate.swift in Sources */,
			);
			runOnlyForDeploymentPostprocessing = 0;
		};
/* End PBXSourcesBuildPhase section */

/* Begin PBXVariantGroup section */
		F01F510B267DC45000855891 /* Main.storyboard */ = {
			isa = PBXVariantGroup;
			children = (
				F01F510C267DC45000855891 /* Base */,
			);
			name = Main.storyboard;
			sourceTree = "<group>";
		};
		F01F5113267DC45500855891 /* LaunchScreen.storyboard */ = {
			isa = PBXVariantGroup;
			children = (
				F01F5114267DC45500855891 /* Base */,
			);
			name = LaunchScreen.storyboard;
			sourceTree = "<group>";
		};
/* End PBXVariantGroup section */

/* Begin XCBuildConfiguration section */
		F01F5117267DC45500855891 /* Debug */ = {
			isa = XCBuildConfiguration;
			buildSettings = {
				ALWAYS_SEARCH_USER_PATHS = NO;
				CLANG_ANALYZER_NONNULL = YES;
				CLANG_ANALYZER_NUMBER_OBJECT_CONVERSION = YES_AGGRESSIVE;
				CLANG_CXX_LANGUAGE_STANDARD = "gnu++14";
				CLANG_CXX_LIBRARY = "libc++";
				CLANG_ENABLE_MODULES = YES;
				CLANG_ENABLE_OBJC_ARC = YES;
				CLANG_ENABLE_OBJC_WEAK = YES;
				CLANG_WARN_BLOCK_CAPTURE_AUTORELEASING = YES;
				CLANG_WARN_BOOL_CONVERSION = YES;
				CLANG_WARN_COMMA = YES;
				CLANG_WARN_CONSTANT_CONVERSION = YES;
				CLANG_WARN_DEPRECATED_OBJC_IMPLEMENTATIONS = YES;
				CLANG_WARN_DIRECT_OBJC_ISA_USAGE = YES_ERROR;
				CLANG_WARN_DOCUMENTATION_COMMENTS = YES;
				CLANG_WARN_EMPTY_BODY = YES;
				CLANG_WARN_ENUM_CONVERSION = YES;
				CLANG_WARN_INFINITE_RECURSION = YES;
				CLANG_WARN_INT_CONVERSION = YES;
				CLANG_WARN_NON_LITERAL_NULL_CONVERSION = YES;
				CLANG_WARN_OBJC_IMPLICIT_RETAIN_SELF = YES;
				CLANG_WARN_OBJC_LITERAL_CONVERSION = YES;
				CLANG_WARN_OBJC_ROOT_CLASS = YES_ERROR;
				CLANG_WARN_QUOTED_INCLUDE_IN_FRAMEWORK_HEADER = YES;
				CLANG_WARN_RANGE_LOOP_ANALYSIS = YES;
				CLANG_WARN_STRICT_PROTOTYPES = YES;
				CLANG_WARN_SUSPICIOUS_MOVE = YES;
				CLANG_WARN_UNGUARDED_AVAILABILITY = YES_AGGRESSIVE;
				CLANG_WARN_UNREACHABLE_CODE = YES;
				CLANG_WARN__DUPLICATE_METHOD_MATCH = YES;
				COPY_PHASE_STRIP = NO;
				DEBUG_INFORMATION_FORMAT = dwarf;
				ENABLE_STRICT_OBJC_MSGSEND = YES;
				ENABLE_TESTABILITY = YES;
				GCC_C_LANGUAGE_STANDARD = gnu11;
				GCC_DYNAMIC_NO_PIC = NO;
				GCC_NO_COMMON_BLOCKS = YES;
				GCC_OPTIMIZATION_LEVEL = 0;
				GCC_PREPROCESSOR_DEFINITIONS = (
					"DEBUG=1",
					"$(inherited)",
				);
				GCC_WARN_64_TO_32_BIT_CONVERSION = YES;
				GCC_WARN_ABOUT_RETURN_TYPE = YES_ERROR;
				GCC_WARN_UNDECLARED_SELECTOR = YES;
				GCC_WARN_UNINITIALIZED_AUTOS = YES_AGGRESSIVE;
				GCC_WARN_UNUSED_FUNCTION = YES;
				GCC_WARN_UNUSED_VARIABLE = YES;
				IPHONEOS_DEPLOYMENT_TARGET = 14.5;
				MTL_ENABLE_DEBUG_INFO = INCLUDE_SOURCE;
				MTL_FAST_MATH = YES;
				ONLY_ACTIVE_ARCH = YES;
				SDKROOT = iphoneos;
				SWIFT_ACTIVE_COMPILATION_CONDITIONS = DEBUG;
				SWIFT_OPTIMIZATION_LEVEL = "-Onone";
			};
			name = Debug;
		};
		F01F5118267DC45500855891 /* Release */ = {
			isa = XCBuildConfiguration;
			buildSettings = {
				ALWAYS_SEARCH_USER_PATHS = NO;
				CLANG_ANALYZER_NONNULL = YES;
				CLANG_ANALYZER_NUMBER_OBJECT_CONVERSION = YES_AGGRESSIVE;
				CLANG_CXX_LANGUAGE_STANDARD = "gnu++14";
				CLANG_CXX_LIBRARY = "libc++";
				CLANG_ENABLE_MODULES = YES;
				CLANG_ENABLE_OBJC_ARC = YES;
				CLANG_ENABLE_OBJC_WEAK = YES;
				CLANG_WARN_BLOCK_CAPTURE_AUTORELEASING = YES;
				CLANG_WARN_BOOL_CONVERSION = YES;
				CLANG_WARN_COMMA = YES;
				CLANG_WARN_CONSTANT_CONVERSION = YES;
				CLANG_WARN_DEPRECATED_OBJC_IMPLEMENTATIONS = YES;
				CLANG_WARN_DIRECT_OBJC_ISA_USAGE = YES_ERROR;
				CLANG_WARN_DOCUMENTATION_COMMENTS = YES;
				CLANG_WARN_EMPTY_BODY = YES;
				CLANG_WARN_ENUM_CONVERSION = YES;
				CLANG_WARN_INFINITE_RECURSION = YES;
				CLANG_WARN_INT_CONVERSION = YES;
				CLANG_WARN_NON_LITERAL_NULL_CONVERSION = YES;
				CLANG_WARN_OBJC_IMPLICIT_RETAIN_SELF = YES;
				CLANG_WARN_OBJC_LITERAL_CONVERSION = YES;
				CLANG_WARN_OBJC_ROOT_CLASS = YES_ERROR;
				CLANG_WARN_QUOTED_INCLUDE_IN_FRAMEWORK_HEADER = YES;
				CLANG_WARN_RANGE_LOOP_ANALYSIS = YES;
				CLANG_WARN_STRICT_PROTOTYPES = YES;
				CLANG_WARN_SUSPICIOUS_MOVE = YES;
				CLANG_WARN_UNGUARDED_AVAILABILITY = YES_AGGRESSIVE;
				CLANG_WARN_UNREACHABLE_CODE = YES;
				CLANG_WARN__DUPLICATE_METHOD_MATCH = YES;
				COPY_PHASE_STRIP = NO;
				DEBUG_INFORMATION_FORMAT = "dwarf-with-dsym";
				ENABLE_NS_ASSERTIONS = NO;
				ENABLE_STRICT_OBJC_MSGSEND = YES;
				GCC_C_LANGUAGE_STANDARD = gnu11;
				GCC_NO_COMMON_BLOCKS = YES;
				GCC_WARN_64_TO_32_BIT_CONVERSION = YES;
				GCC_WARN_ABOUT_RETURN_TYPE = YES_ERROR;
				GCC_WARN_UNDECLARED_SELECTOR = YES;
				GCC_WARN_UNINITIALIZED_AUTOS = YES_AGGRESSIVE;
				GCC_WARN_UNUSED_FUNCTION = YES;
				GCC_WARN_UNUSED_VARIABLE = YES;
				IPHONEOS_DEPLOYMENT_TARGET = 14.5;
				MTL_ENABLE_DEBUG_INFO = NO;
				MTL_FAST_MATH = YES;
				SDKROOT = iphoneos;
				SWIFT_COMPILATION_MODE = wholemodule;
				SWIFT_OPTIMIZATION_LEVEL = "-O";
				VALIDATE_PRODUCT = YES;
			};
			name = Release;
		};
		F01F511A267DC45500855891 /* Debug */ = {
			isa = XCBuildConfiguration;
			buildSettings = {
				ASSETCATALOG_COMPILER_APPICON_NAME = AppIcon;
				ASSETCATALOG_COMPILER_GLOBAL_ACCENT_COLOR_NAME = AccentColor;
				CODE_SIGN_STYLE = Automatic;
				INFOPLIST_FILE = task12/Info.plist;
				LD_RUNPATH_SEARCH_PATHS = (
					"$(inherited)",
					"@executable_path/Frameworks",
				);
				PRODUCT_BUNDLE_IDENTIFIER = com.hornsandhooves.task12;
				PRODUCT_NAME = "$(TARGET_NAME)";
				SWIFT_VERSION = 5.0;
				TARGETED_DEVICE_FAMILY = "1,2";
			};
			name = Debug;
		};
		F01F511B267DC45500855891 /* Release */ = {
			isa = XCBuildConfiguration;
			buildSettings = {
				ASSETCATALOG_COMPILER_APPICON_NAME = AppIcon;
				ASSETCATALOG_COMPILER_GLOBAL_ACCENT_COLOR_NAME = AccentColor;
				CODE_SIGN_STYLE = Automatic;
				INFOPLIST_FILE = task12/Info.plist;
				LD_RUNPATH_SEARCH_PATHS = (
					"$(inherited)",
					"@executable_path/Frameworks",
				);
				PRODUCT_BUNDLE_IDENTIFIER = com.hornsandhooves.task12;
				PRODUCT_NAME = "$(TARGET_NAME)";
				SWIFT_VERSION = 5.0;
				TARGETED_DEVICE_FAMILY = "1,2";
			};
			name = Release;
		};
/* End XCBuildConfiguration section */

/* Begin XCConfigurationList section */
		F01F50FD267DC45000855891 /* Build configuration list for PBXProject "task12" */ = {
			isa = XCConfigurationList;
			buildConfigurations = (
				F01F5117267DC45500855891 /* Debug */,
				F01F5118267DC45500855891 /* Release */,
			);
			defaultConfigurationIsVisible = 0;
			defaultConfigurationName = Release;
		};
		F01F5119267DC45500855891 /* Build configuration list for PBXNativeTarget "task12" */ = {
			isa = XCConfigurationList;
			buildConfigurations = (
				F01F511A267DC45500855891 /* Debug */,
				F01F511B267DC45500855891 /* Release */,
			);
			defaultConfigurationIsVisible = 0;
			defaultConfigurationName = Release;
		};
/* End XCConfigurationList section */

/* Begin XCVersionGroup section */
		F01F510E267DC45000855891 /* task12.xcdatamodeld */ = {
			isa = XCVersionGroup;
			children = (
				F01F510F267DC45000855891 /* task12.xcdatamodel */,
			);
			currentVersion = F01F510F267DC45000855891 /* task12.xcdatamodel */;
			path = task12.xcdatamodeld;
			sourceTree = "<group>";
			versionGroupType = wrapper.xcdatamodel;
		};
/* End XCVersionGroup section */
	};
	rootObject = F01F50FA267DC45000855891 /* Project object */;
}
